
Microsoft Visual Studio Solution File, Format Version 12.00
# Visual Studio Version 17
VisualStudioVersion = 17.9.34616.47
MinimumVisualStudioVersion = 10.0.40219.1
Project("{FAE04EC0-301F-11D3-BF4B-00C04F79EFBC}") = "practiceWinforms", "practiceWinforms\practiceWinforms.csproj", "{4521280D-A702-472B-BD33-5530A3447F47}"
EndProject
Global
	GlobalSection(SolutionConfigurationPlatforms) = preSolution
		Debug|Any CPU = Debug|Any CPU
		Release|Any CPU = Release|Any CPU
	EndGlobalSection
	GlobalSection(ProjectConfigurationPlatforms) = postSolution
		{4521280D-A702-472B-BD33-5530A3447F47}.Debug|Any CPU.ActiveCfg = Debug|Any CPU
		{4521280D-A702-472B-BD33-5530A3447F47}.Debug|Any CPU.Build.0 = Debug|Any CPU
		{4521280D-A702-472B-BD33-5530A3447F47}.Release|Any CPU.ActiveCfg = Release|Any CPU
		{4521280D-A702-472B-BD33-5530A3447F47}.Release|Any CPU.Build.0 = Release|Any CPU
	EndGlobalSection
	GlobalSection(SolutionProperties) = preSolution
		HideSolutionNode = FALSE
	EndGlobalSection
	GlobalSection(ExtensibilityGlobals) = postSolution
		SolutionGuid = {7EA70FE8-304C-4E6E-BFEE-36E478347B03}
	EndGlobalSection
EndGlobal
